
Microsoft Visual Studio Solution File, Format Version 12.00
# Visual Studio 15
VisualStudioVersion = 15.0.26403.7
MinimumVisualStudioVersion = 10.0.40219.1
Project("{FAE04EC0-301F-11D3-BF4B-00C04F79EFBC}") = "KillerrinToolkit.Core", "KillerrinToolkit.Core\KillerrinToolkit.Core.csproj", "{00E01AFC-2067-4AD6-BC49-3C5F1FA41DFD}"
EndProject
Project("{FAE04EC0-301F-11D3-BF4B-00C04F79EFBC}") = "KillerrinToolkit.EFCore", "KillerrinToolkit.EFCore\KillerrinToolkit.EFCore.csproj", "{7399279C-40AC-46CD-81FC-B73733E9526C}"
EndProject
Global
	GlobalSection(SolutionConfigurationPlatforms) = preSolution
		Debug|Any CPU = Debug|Any CPU
		Release|Any CPU = Release|Any CPU
	EndGlobalSection
	GlobalSection(ProjectConfigurationPlatforms) = postSolution
		{00E01AFC-2067-4AD6-BC49-3C5F1FA41DFD}.Debug|Any CPU.ActiveCfg = Debug|Any CPU
		{00E01AFC-2067-4AD6-BC49-3C5F1FA41DFD}.Debug|Any CPU.Build.0 = Debug|Any CPU
		{00E01AFC-2067-4AD6-BC49-3C5F1FA41DFD}.Release|Any CPU.ActiveCfg = Release|Any CPU
		{00E01AFC-2067-4AD6-BC49-3C5F1FA41DFD}.Release|Any CPU.Build.0 = Release|Any CPU
		{7399279C-40AC-46CD-81FC-B73733E9526C}.Debug|Any CPU.ActiveCfg = Debug|Any CPU
		{7399279C-40AC-46CD-81FC-B73733E9526C}.Debug|Any CPU.Build.0 = Debug|Any CPU
		{7399279C-40AC-46CD-81FC-B73733E9526C}.Release|Any CPU.ActiveCfg = Release|Any CPU
		{7399279C-40AC-46CD-81FC-B73733E9526C}.Release|Any CPU.Build.0 = Release|Any CPU
	EndGlobalSection
	GlobalSection(SolutionProperties) = preSolution
		HideSolutionNode = FALSE
	EndGlobalSection
	GlobalSection(ExtensibilityGlobals) = postSolution
		SolutionGuid = {97B880AF-9129-4965-A39A-DAA1B4AA1693}
	EndGlobalSection
EndGlobal
