
Microsoft Visual Studio Solution File, Format Version 12.00
# Visual Studio 15
VisualStudioVersion = 15.0.26403.7
MinimumVisualStudioVersion = 10.0.40219.1
Project("{9A19103F-16F7-4668-BE54-9A1E7A4F7556}") = "Killerrin.Toolkit.Core", "Killerrin.Toolkit.Core\Killerrin.Toolkit.Core.csproj", "{00E01AFC-2067-4AD6-BC49-3C5F1FA41DFD}"
EndProject
Project("{9A19103F-16F7-4668-BE54-9A1E7A4F7556}") = "Killerrin.Toolkit.EFCore", "Killerrin.Toolkit.EFCore\Killerrin.Toolkit.EFCore.csproj", "{7399279C-40AC-46CD-81FC-B73733E9526C}"
EndProject
Project("{9A19103F-16F7-4668-BE54-9A1E7A4F7556}") = "Killerrin.Toolkit.Authentication", "Killerrin.Toolkit.Authentication\Killerrin.Toolkit.Authentication.csproj", "{2C944E9C-0B49-415D-870E-2C1C884C4E01}"
EndProject
Project("{9A19103F-16F7-4668-BE54-9A1E7A4F7556}") = "Killerrin.Toolkit.CMD", "Killerrin.Toolkit.CMD\Killerrin.Toolkit.CMD.csproj", "{8FE1A5D0-870D-458E-AEED-02994D0E9E64}"
EndProject
Project("{FAE04EC0-301F-11D3-BF4B-00C04F79EFBC}") = "Killerrin.Toolkit.WPF", "Killerrin.Toolkit.WPF\Killerrin.Toolkit.WPF.csproj", "{E6C69717-B489-444A-935F-7111FDEA40FC}"
EndProject
Project("{FAE04EC0-301F-11D3-BF4B-00C04F79EFBC}") = "Killerrin.Toolkit.UWP", "Killerrin.Toolkit.UWP\Killerrin.Toolkit.UWP.csproj", "{D3BECDE0-A548-4A52-8D88-9C502AA4D2F9}"
EndProject
Global
	GlobalSection(SolutionConfigurationPlatforms) = preSolution
		Debug|Any CPU = Debug|Any CPU
		Debug|ARM = Debug|ARM
		Debug|x64 = Debug|x64
		Debug|x86 = Debug|x86
		Release|Any CPU = Release|Any CPU
		Release|ARM = Release|ARM
		Release|x64 = Release|x64
		Release|x86 = Release|x86
	EndGlobalSection
	GlobalSection(ProjectConfigurationPlatforms) = postSolution
		{00E01AFC-2067-4AD6-BC49-3C5F1FA41DFD}.Debug|Any CPU.ActiveCfg = Debug|Any CPU
		{00E01AFC-2067-4AD6-BC49-3C5F1FA41DFD}.Debug|Any CPU.Build.0 = Debug|Any CPU
		{00E01AFC-2067-4AD6-BC49-3C5F1FA41DFD}.Debug|ARM.ActiveCfg = Debug|Any CPU
		{00E01AFC-2067-4AD6-BC49-3C5F1FA41DFD}.Debug|ARM.Build.0 = Debug|Any CPU
		{00E01AFC-2067-4AD6-BC49-3C5F1FA41DFD}.Debug|x64.ActiveCfg = Debug|Any CPU
		{00E01AFC-2067-4AD6-BC49-3C5F1FA41DFD}.Debug|x64.Build.0 = Debug|Any CPU
		{00E01AFC-2067-4AD6-BC49-3C5F1FA41DFD}.Debug|x86.ActiveCfg = Debug|Any CPU
		{00E01AFC-2067-4AD6-BC49-3C5F1FA41DFD}.Debug|x86.Build.0 = Debug|Any CPU
		{00E01AFC-2067-4AD6-BC49-3C5F1FA41DFD}.Release|Any CPU.ActiveCfg = Release|Any CPU
		{00E01AFC-2067-4AD6-BC49-3C5F1FA41DFD}.Release|Any CPU.Build.0 = Release|Any CPU
		{00E01AFC-2067-4AD6-BC49-3C5F1FA41DFD}.Release|ARM.ActiveCfg = Release|Any CPU
		{00E01AFC-2067-4AD6-BC49-3C5F1FA41DFD}.Release|ARM.Build.0 = Release|Any CPU
		{00E01AFC-2067-4AD6-BC49-3C5F1FA41DFD}.Release|x64.ActiveCfg = Release|Any CPU
		{00E01AFC-2067-4AD6-BC49-3C5F1FA41DFD}.Release|x64.Build.0 = Release|Any CPU
		{00E01AFC-2067-4AD6-BC49-3C5F1FA41DFD}.Release|x86.ActiveCfg = Release|Any CPU
		{00E01AFC-2067-4AD6-BC49-3C5F1FA41DFD}.Release|x86.Build.0 = Release|Any CPU
		{7399279C-40AC-46CD-81FC-B73733E9526C}.Debug|Any CPU.ActiveCfg = Debug|Any CPU
		{7399279C-40AC-46CD-81FC-B73733E9526C}.Debug|Any CPU.Build.0 = Debug|Any CPU
		{7399279C-40AC-46CD-81FC-B73733E9526C}.Debug|ARM.ActiveCfg = Debug|Any CPU
		{7399279C-40AC-46CD-81FC-B73733E9526C}.Debug|ARM.Build.0 = Debug|Any CPU
		{7399279C-40AC-46CD-81FC-B73733E9526C}.Debug|x64.ActiveCfg = Debug|Any CPU
		{7399279C-40AC-46CD-81FC-B73733E9526C}.Debug|x64.Build.0 = Debug|Any CPU
		{7399279C-40AC-46CD-81FC-B73733E9526C}.Debug|x86.ActiveCfg = Debug|Any CPU
		{7399279C-40AC-46CD-81FC-B73733E9526C}.Debug|x86.Build.0 = Debug|Any CPU
		{7399279C-40AC-46CD-81FC-B73733E9526C}.Release|Any CPU.ActiveCfg = Release|Any CPU
		{7399279C-40AC-46CD-81FC-B73733E9526C}.Release|Any CPU.Build.0 = Release|Any CPU
		{7399279C-40AC-46CD-81FC-B73733E9526C}.Release|ARM.ActiveCfg = Release|Any CPU
		{7399279C-40AC-46CD-81FC-B73733E9526C}.Release|ARM.Build.0 = Release|Any CPU
		{7399279C-40AC-46CD-81FC-B73733E9526C}.Release|x64.ActiveCfg = Release|Any CPU
		{7399279C-40AC-46CD-81FC-B73733E9526C}.Release|x64.Build.0 = Release|Any CPU
		{7399279C-40AC-46CD-81FC-B73733E9526C}.Release|x86.ActiveCfg = Release|Any CPU
		{7399279C-40AC-46CD-81FC-B73733E9526C}.Release|x86.Build.0 = Release|Any CPU
		{2C944E9C-0B49-415D-870E-2C1C884C4E01}.Debug|Any CPU.ActiveCfg = Debug|Any CPU
		{2C944E9C-0B49-415D-870E-2C1C884C4E01}.Debug|Any CPU.Build.0 = Debug|Any CPU
		{2C944E9C-0B49-415D-870E-2C1C884C4E01}.Debug|ARM.ActiveCfg = Debug|Any CPU
		{2C944E9C-0B49-415D-870E-2C1C884C4E01}.Debug|ARM.Build.0 = Debug|Any CPU
		{2C944E9C-0B49-415D-870E-2C1C884C4E01}.Debug|x64.ActiveCfg = Debug|Any CPU
		{2C944E9C-0B49-415D-870E-2C1C884C4E01}.Debug|x64.Build.0 = Debug|Any CPU
		{2C944E9C-0B49-415D-870E-2C1C884C4E01}.Debug|x86.ActiveCfg = Debug|Any CPU
		{2C944E9C-0B49-415D-870E-2C1C884C4E01}.Debug|x86.Build.0 = Debug|Any CPU
		{2C944E9C-0B49-415D-870E-2C1C884C4E01}.Release|Any CPU.ActiveCfg = Release|Any CPU
		{2C944E9C-0B49-415D-870E-2C1C884C4E01}.Release|Any CPU.Build.0 = Release|Any CPU
		{2C944E9C-0B49-415D-870E-2C1C884C4E01}.Release|ARM.ActiveCfg = Release|Any CPU
		{2C944E9C-0B49-415D-870E-2C1C884C4E01}.Release|ARM.Build.0 = Release|Any CPU
		{2C944E9C-0B49-415D-870E-2C1C884C4E01}.Release|x64.ActiveCfg = Release|Any CPU
		{2C944E9C-0B49-415D-870E-2C1C884C4E01}.Release|x64.Build.0 = Release|Any CPU
		{2C944E9C-0B49-415D-870E-2C1C884C4E01}.Release|x86.ActiveCfg = Release|Any CPU
		{2C944E9C-0B49-415D-870E-2C1C884C4E01}.Release|x86.Build.0 = Release|Any CPU
		{8FE1A5D0-870D-458E-AEED-02994D0E9E64}.Debug|Any CPU.ActiveCfg = Debug|Any CPU
		{8FE1A5D0-870D-458E-AEED-02994D0E9E64}.Debug|Any CPU.Build.0 = Debug|Any CPU
		{8FE1A5D0-870D-458E-AEED-02994D0E9E64}.Debug|ARM.ActiveCfg = Debug|Any CPU
		{8FE1A5D0-870D-458E-AEED-02994D0E9E64}.Debug|ARM.Build.0 = Debug|Any CPU
		{8FE1A5D0-870D-458E-AEED-02994D0E9E64}.Debug|x64.ActiveCfg = Debug|Any CPU
		{8FE1A5D0-870D-458E-AEED-02994D0E9E64}.Debug|x64.Build.0 = Debug|Any CPU
		{8FE1A5D0-870D-458E-AEED-02994D0E9E64}.Debug|x86.ActiveCfg = Debug|Any CPU
		{8FE1A5D0-870D-458E-AEED-02994D0E9E64}.Debug|x86.Build.0 = Debug|Any CPU
		{8FE1A5D0-870D-458E-AEED-02994D0E9E64}.Release|Any CPU.ActiveCfg = Release|Any CPU
		{8FE1A5D0-870D-458E-AEED-02994D0E9E64}.Release|Any CPU.Build.0 = Release|Any CPU
		{8FE1A5D0-870D-458E-AEED-02994D0E9E64}.Release|ARM.ActiveCfg = Release|Any CPU
		{8FE1A5D0-870D-458E-AEED-02994D0E9E64}.Release|ARM.Build.0 = Release|Any CPU
		{8FE1A5D0-870D-458E-AEED-02994D0E9E64}.Release|x64.ActiveCfg = Release|Any CPU
		{8FE1A5D0-870D-458E-AEED-02994D0E9E64}.Release|x64.Build.0 = Release|Any CPU
		{8FE1A5D0-870D-458E-AEED-02994D0E9E64}.Release|x86.ActiveCfg = Release|Any CPU
		{8FE1A5D0-870D-458E-AEED-02994D0E9E64}.Release|x86.Build.0 = Release|Any CPU
		{E6C69717-B489-444A-935F-7111FDEA40FC}.Debug|Any CPU.ActiveCfg = Debug|Any CPU
		{E6C69717-B489-444A-935F-7111FDEA40FC}.Debug|Any CPU.Build.0 = Debug|Any CPU
		{E6C69717-B489-444A-935F-7111FDEA40FC}.Debug|ARM.ActiveCfg = Debug|Any CPU
		{E6C69717-B489-444A-935F-7111FDEA40FC}.Debug|ARM.Build.0 = Debug|Any CPU
		{E6C69717-B489-444A-935F-7111FDEA40FC}.Debug|x64.ActiveCfg = Debug|Any CPU
		{E6C69717-B489-444A-935F-7111FDEA40FC}.Debug|x64.Build.0 = Debug|Any CPU
		{E6C69717-B489-444A-935F-7111FDEA40FC}.Debug|x86.ActiveCfg = Debug|Any CPU
		{E6C69717-B489-444A-935F-7111FDEA40FC}.Debug|x86.Build.0 = Debug|Any CPU
		{E6C69717-B489-444A-935F-7111FDEA40FC}.Release|Any CPU.ActiveCfg = Release|Any CPU
		{E6C69717-B489-444A-935F-7111FDEA40FC}.Release|Any CPU.Build.0 = Release|Any CPU
		{E6C69717-B489-444A-935F-7111FDEA40FC}.Release|ARM.ActiveCfg = Release|Any CPU
		{E6C69717-B489-444A-935F-7111FDEA40FC}.Release|ARM.Build.0 = Release|Any CPU
		{E6C69717-B489-444A-935F-7111FDEA40FC}.Release|x64.ActiveCfg = Release|Any CPU
		{E6C69717-B489-444A-935F-7111FDEA40FC}.Release|x64.Build.0 = Release|Any CPU
		{E6C69717-B489-444A-935F-7111FDEA40FC}.Release|x86.ActiveCfg = Release|Any CPU
		{E6C69717-B489-444A-935F-7111FDEA40FC}.Release|x86.Build.0 = Release|Any CPU
		{D3BECDE0-A548-4A52-8D88-9C502AA4D2F9}.Debug|Any CPU.ActiveCfg = Debug|Any CPU
		{D3BECDE0-A548-4A52-8D88-9C502AA4D2F9}.Debug|Any CPU.Build.0 = Debug|Any CPU
		{D3BECDE0-A548-4A52-8D88-9C502AA4D2F9}.Debug|ARM.ActiveCfg = Debug|ARM
		{D3BECDE0-A548-4A52-8D88-9C502AA4D2F9}.Debug|ARM.Build.0 = Debug|ARM
		{D3BECDE0-A548-4A52-8D88-9C502AA4D2F9}.Debug|x64.ActiveCfg = Debug|x64
		{D3BECDE0-A548-4A52-8D88-9C502AA4D2F9}.Debug|x64.Build.0 = Debug|x64
		{D3BECDE0-A548-4A52-8D88-9C502AA4D2F9}.Debug|x86.ActiveCfg = Debug|x86
		{D3BECDE0-A548-4A52-8D88-9C502AA4D2F9}.Debug|x86.Build.0 = Debug|x86
		{D3BECDE0-A548-4A52-8D88-9C502AA4D2F9}.Release|Any CPU.ActiveCfg = Release|Any CPU
		{D3BECDE0-A548-4A52-8D88-9C502AA4D2F9}.Release|Any CPU.Build.0 = Release|Any CPU
		{D3BECDE0-A548-4A52-8D88-9C502AA4D2F9}.Release|ARM.ActiveCfg = Release|ARM
		{D3BECDE0-A548-4A52-8D88-9C502AA4D2F9}.Release|ARM.Build.0 = Release|ARM
		{D3BECDE0-A548-4A52-8D88-9C502AA4D2F9}.Release|x64.ActiveCfg = Release|x64
		{D3BECDE0-A548-4A52-8D88-9C502AA4D2F9}.Release|x64.Build.0 = Release|x64
		{D3BECDE0-A548-4A52-8D88-9C502AA4D2F9}.Release|x86.ActiveCfg = Release|x86
		{D3BECDE0-A548-4A52-8D88-9C502AA4D2F9}.Release|x86.Build.0 = Release|x86
	EndGlobalSection
	GlobalSection(SolutionProperties) = preSolution
		HideSolutionNode = FALSE
	EndGlobalSection
	GlobalSection(ExtensibilityGlobals) = postSolution
		SolutionGuid = {97B880AF-9129-4965-A39A-DAA1B4AA1693}
	EndGlobalSection
EndGlobal
